
Microsoft Visual Studio Solution File, Format Version 12.00
# Visual Studio Version 17
VisualStudioVersion = 17.5.002.0
MinimumVisualStudioVersion = 10.0.40219.1
Project("{9A19103F-16F7-4668-BE54-9A1E7A4F7556}") = "LuxStayApi", "LuxStayApi.csproj", "{EA221D9E-CCCE-44E0-B8D3-509AB4D6B0A0}"
EndProject
Global
	GlobalSection(SolutionConfigurationPlatforms) = preSolution
		Debug|Any CPU = Debug|Any CPU
		Release|Any CPU = Release|Any CPU
	EndGlobalSection
	GlobalSection(ProjectConfigurationPlatforms) = postSolution
		{EA221D9E-CCCE-44E0-B8D3-509AB4D6B0A0}.Debug|Any CPU.ActiveCfg = Debug|Any CPU
		{EA221D9E-CCCE-44E0-B8D3-509AB4D6B0A0}.Debug|Any CPU.Build.0 = Debug|Any CPU
		{EA221D9E-CCCE-44E0-B8D3-509AB4D6B0A0}.Release|Any CPU.ActiveCfg = Release|Any CPU
		{EA221D9E-CCCE-44E0-B8D3-509AB4D6B0A0}.Release|Any CPU.Build.0 = Release|Any CPU
	EndGlobalSection
	GlobalSection(SolutionProperties) = preSolution
		HideSolutionNode = FALSE
	EndGlobalSection
	GlobalSection(ExtensibilityGlobals) = postSolution
		SolutionGuid = {8D50B4A1-2289-46F1-9285-39A61FF3A713}
	EndGlobalSection
EndGlobal
